
Microsoft Visual Studio Solution File, Format Version 12.00
# Visual Studio 2013
VisualStudioVersion = 12.0.31101.0
MinimumVisualStudioVersion = 10.0.40219.1
Project("{FAE04EC0-301F-11D3-BF4B-00C04F79EFBC}") = "Problem 1. Reverse String", "Problem 1. Reverse String\Problem 1. Reverse String.csproj", "{A8A3BC1F-CDB4-4F6F-8766-C3BEFCC5B639}"
EndProject
Project("{FAE04EC0-301F-11D3-BF4B-00C04F79EFBC}") = "Problem 2. String Length", "Problem 2. String Length\Problem 2. String Length.csproj", "{D0C17CB0-DC7F-4118-A9D2-E307CACDE0FF}"
EndProject
Project("{FAE04EC0-301F-11D3-BF4B-00C04F79EFBC}") = "Problem 3. Count Substring Occurrences", "Problem 3. Count Substring Occurrences\Problem 3. Count Substring Occurrences.csproj", "{FB1D30A0-BF91-46D2-B086-E8F1EABCF41E}"
EndProject
Project("{FAE04EC0-301F-11D3-BF4B-00C04F79EFBC}") = "Problem 4. Text Filter", "Problem 4. Text Filter\Problem 4. Text Filter.csproj", "{1C87B809-D080-4882-A599-EE32A36EDF43}"
EndProject
Project("{FAE04EC0-301F-11D3-BF4B-00C04F79EFBC}") = "Problem 5. Unicode Characters", "Problem 5. Unicode Characters\Problem 5. Unicode Characters.csproj", "{7E2A33E5-8C14-4FC1-AC56-3387B6E2638D}"
EndProject
Project("{FAE04EC0-301F-11D3-BF4B-00C04F79EFBC}") = "Problem 6. Palindromes", "Problem 6. Palindromes\Problem 6. Palindromes.csproj", "{E6FABD4C-4815-44F7-B53D-CB26C3CE944D}"
EndProject
Global
	GlobalSection(SolutionConfigurationPlatforms) = preSolution
		Debug|Any CPU = Debug|Any CPU
		Release|Any CPU = Release|Any CPU
	EndGlobalSection
	GlobalSection(ProjectConfigurationPlatforms) = postSolution
		{A8A3BC1F-CDB4-4F6F-8766-C3BEFCC5B639}.Debug|Any CPU.ActiveCfg = Debug|Any CPU
		{A8A3BC1F-CDB4-4F6F-8766-C3BEFCC5B639}.Debug|Any CPU.Build.0 = Debug|Any CPU
		{A8A3BC1F-CDB4-4F6F-8766-C3BEFCC5B639}.Release|Any CPU.ActiveCfg = Release|Any CPU
		{A8A3BC1F-CDB4-4F6F-8766-C3BEFCC5B639}.Release|Any CPU.Build.0 = Release|Any CPU
		{D0C17CB0-DC7F-4118-A9D2-E307CACDE0FF}.Debug|Any CPU.ActiveCfg = Debug|Any CPU
		{D0C17CB0-DC7F-4118-A9D2-E307CACDE0FF}.Debug|Any CPU.Build.0 = Debug|Any CPU
		{D0C17CB0-DC7F-4118-A9D2-E307CACDE0FF}.Release|Any CPU.ActiveCfg = Release|Any CPU
		{D0C17CB0-DC7F-4118-A9D2-E307CACDE0FF}.Release|Any CPU.Build.0 = Release|Any CPU
		{FB1D30A0-BF91-46D2-B086-E8F1EABCF41E}.Debug|Any CPU.ActiveCfg = Debug|Any CPU
		{FB1D30A0-BF91-46D2-B086-E8F1EABCF41E}.Debug|Any CPU.Build.0 = Debug|Any CPU
		{FB1D30A0-BF91-46D2-B086-E8F1EABCF41E}.Release|Any CPU.ActiveCfg = Release|Any CPU
		{FB1D30A0-BF91-46D2-B086-E8F1EABCF41E}.Release|Any CPU.Build.0 = Release|Any CPU
		{1C87B809-D080-4882-A599-EE32A36EDF43}.Debug|Any CPU.ActiveCfg = Debug|Any CPU
		{1C87B809-D080-4882-A599-EE32A36EDF43}.Debug|Any CPU.Build.0 = Debug|Any CPU
		{1C87B809-D080-4882-A599-EE32A36EDF43}.Release|Any CPU.ActiveCfg = Release|Any CPU
		{1C87B809-D080-4882-A599-EE32A36EDF43}.Release|Any CPU.Build.0 = Release|Any CPU
		{7E2A33E5-8C14-4FC1-AC56-3387B6E2638D}.Debug|Any CPU.ActiveCfg = Debug|Any CPU
		{7E2A33E5-8C14-4FC1-AC56-3387B6E2638D}.Debug|Any CPU.Build.0 = Debug|Any CPU
		{7E2A33E5-8C14-4FC1-AC56-3387B6E2638D}.Release|Any CPU.ActiveCfg = Release|Any CPU
		{7E2A33E5-8C14-4FC1-AC56-3387B6E2638D}.Release|Any CPU.Build.0 = Release|Any CPU
		{E6FABD4C-4815-44F7-B53D-CB26C3CE944D}.Debug|Any CPU.ActiveCfg = Debug|Any CPU
		{E6FABD4C-4815-44F7-B53D-CB26C3CE944D}.Debug|Any CPU.Build.0 = Debug|Any CPU
		{E6FABD4C-4815-44F7-B53D-CB26C3CE944D}.Release|Any CPU.ActiveCfg = Release|Any CPU
		{E6FABD4C-4815-44F7-B53D-CB26C3CE944D}.Release|Any CPU.Build.0 = Release|Any CPU
	EndGlobalSection
	GlobalSection(SolutionProperties) = preSolution
		HideSolutionNode = FALSE
	EndGlobalSection
EndGlobal
